
Microsoft Visual Studio Solution File, Format Version 12.00
# Visual Studio Version 17
VisualStudioVersion = 17.0.31903.59
MinimumVisualStudioVersion = 10.0.40219.1
Project("{2150E333-8FDC-42A3-9474-1A3956D46DE8}") = "src", "src", "{827E0CD3-B72D-47B6-A68D-7590B98EB39B}"
EndProject
Project("{FAE04EC0-301F-11D3-BF4B-00C04F79EFBC}") = "Engine", "src\Engine\Engine.csproj", "{2F3C58D3-3233-4EB3-A4C1-8AB94FF46F72}"
EndProject
Project("{FAE04EC0-301F-11D3-BF4B-00C04F79EFBC}") = "Game", "src\Game\Game.csproj", "{00CA4CE6-6BB4-497D-8CEE-D2F597B4768C}"
EndProject
Project("{FAE04EC0-301F-11D3-BF4B-00C04F79EFBC}") = "Tesseris.ModApi", "src\ModApi\Tesseris.ModApi.csproj", "{57E5DA4B-ADE6-4F33-B2AE-B6CCB5ED20A3}"
EndProject
Project("{2150E333-8FDC-42A3-9474-1A3956D46DE8}") = "tests", "tests", "{0AB3BF05-4346-4AA6-1389-037BE0695223}"
EndProject
Project("{FAE04EC0-301F-11D3-BF4B-00C04F79EFBC}") = "Tesseris.Tests", "tests\Tesseris.Tests.csproj", "{7E73F363-FFAC-43F2-B1F3-652220432DBB}"
EndProject
Project("{2150E333-8FDC-42A3-9474-1A3956D46DE8}") = "examples", "examples", "{B36A84DF-456D-A817-6EDD-3EC3E7F6E11F}"
EndProject
Project("{FAE04EC0-301F-11D3-BF4B-00C04F79EFBC}") = "RubyWorldgenMod", "examples\RubyWorldgenMod\RubyWorldgenMod.csproj", "{ED49CBCC-45AD-428A-80B1-630CFC2CDF05}"
EndProject
Project("{FAE04EC0-301F-11D3-BF4B-00C04F79EFBC}") = "TotalConversionMod", "examples\TotalConversionMod\TotalConversionMod.csproj", "{AE239F61-8AEB-4EBB-B3E5-F965BF9C52BD}"
EndProject
Project("{FAE04EC0-301F-11D3-BF4B-00C04F79EFBC}") = "Tesseris.Loader.Abstractions", "src\Loader.Abstractions\Tesseris.Loader.Abstractions.csproj", "{56D9C121-796E-42E9-956A-D61F261D4D67}"
EndProject
Project("{FAE04EC0-301F-11D3-BF4B-00C04F79EFBC}") = "Tesseris.Loader", "src\Loader\Tesseris.Loader.csproj", "{6141F735-8E77-4234-BE2C-FB0B7044B3FB}"
EndProject
Project("{2150E333-8FDC-42A3-9474-1A3956D46DE8}") = "Loader.Transforms", "Loader.Transforms", "{C4E86B10-77AE-37BB-EDFC-942D4CBD0EEB}"
EndProject
Project("{FAE04EC0-301F-11D3-BF4B-00C04F79EFBC}") = "Tesseris.Loader.Transforms", "src\Loader.Transforms\Tesseris.Loader.Transforms.csproj", "{188E5711-778E-4DEA-9C13-545E9A89A1DE}"
EndProject
Project("{2150E333-8FDC-42A3-9474-1A3956D46DE8}") = "Loader.Abstractions", "Loader.Abstractions", "{B578B8F8-4355-A732-8C0E-04BD1355F142}"
EndProject
Project("{2150E333-8FDC-42A3-9474-1A3956D46DE8}") = "Launcher", "Launcher", "{6BEE1ADB-EC8A-8E96-2B3D-0E7260D5A890}"
EndProject
Project("{FAE04EC0-301F-11D3-BF4B-00C04F79EFBC}") = "Tesseris.Launcher", "src\Launcher\Tesseris.Launcher.csproj", "{25721E52-79FC-42CC-8EB3-E7AA36AE56A0}"
EndProject
Project("{2150E333-8FDC-42A3-9474-1A3956D46DE8}") = "Loader", "Loader", "{88D7FA4C-11BE-B782-9860-29F7C67ECDA5}"
EndProject
Project("{2150E333-8FDC-42A3-9474-1A3956D46DE8}") = "ModApi", "ModApi", "{FB8F0DAB-8EEE-158D-EC28-F0A22DD57D14}"
EndProject
Global
	GlobalSection(SolutionConfigurationPlatforms) = preSolution
		Debug|Any CPU = Debug|Any CPU
		Debug|x64 = Debug|x64
		Debug|x86 = Debug|x86
		Release|Any CPU = Release|Any CPU
		Release|x64 = Release|x64
		Release|x86 = Release|x86
	EndGlobalSection
	GlobalSection(ProjectConfigurationPlatforms) = postSolution
		{2F3C58D3-3233-4EB3-A4C1-8AB94FF46F72}.Debug|Any CPU.ActiveCfg = Debug|Any CPU
		{2F3C58D3-3233-4EB3-A4C1-8AB94FF46F72}.Debug|Any CPU.Build.0 = Debug|Any CPU
		{2F3C58D3-3233-4EB3-A4C1-8AB94FF46F72}.Debug|x64.ActiveCfg = Debug|Any CPU
		{2F3C58D3-3233-4EB3-A4C1-8AB94FF46F72}.Debug|x64.Build.0 = Debug|Any CPU
		{2F3C58D3-3233-4EB3-A4C1-8AB94FF46F72}.Debug|x86.ActiveCfg = Debug|Any CPU
		{2F3C58D3-3233-4EB3-A4C1-8AB94FF46F72}.Debug|x86.Build.0 = Debug|Any CPU
		{2F3C58D3-3233-4EB3-A4C1-8AB94FF46F72}.Release|Any CPU.ActiveCfg = Release|Any CPU
		{2F3C58D3-3233-4EB3-A4C1-8AB94FF46F72}.Release|Any CPU.Build.0 = Release|Any CPU
		{2F3C58D3-3233-4EB3-A4C1-8AB94FF46F72}.Release|x64.ActiveCfg = Release|Any CPU
		{2F3C58D3-3233-4EB3-A4C1-8AB94FF46F72}.Release|x64.Build.0 = Release|Any CPU
		{2F3C58D3-3233-4EB3-A4C1-8AB94FF46F72}.Release|x86.ActiveCfg = Release|Any CPU
		{2F3C58D3-3233-4EB3-A4C1-8AB94FF46F72}.Release|x86.Build.0 = Release|Any CPU
		{00CA4CE6-6BB4-497D-8CEE-D2F597B4768C}.Debug|Any CPU.ActiveCfg = Debug|Any CPU
		{00CA4CE6-6BB4-497D-8CEE-D2F597B4768C}.Debug|Any CPU.Build.0 = Debug|Any CPU
		{00CA4CE6-6BB4-497D-8CEE-D2F597B4768C}.Debug|x64.ActiveCfg = Debug|Any CPU
		{00CA4CE6-6BB4-497D-8CEE-D2F597B4768C}.Debug|x64.Build.0 = Debug|Any CPU
		{00CA4CE6-6BB4-497D-8CEE-D2F597B4768C}.Debug|x86.ActiveCfg = Debug|Any CPU
		{00CA4CE6-6BB4-497D-8CEE-D2F597B4768C}.Debug|x86.Build.0 = Debug|Any CPU
		{00CA4CE6-6BB4-497D-8CEE-D2F597B4768C}.Release|Any CPU.ActiveCfg = Release|Any CPU
		{00CA4CE6-6BB4-497D-8CEE-D2F597B4768C}.Release|Any CPU.Build.0 = Release|Any CPU
		{00CA4CE6-6BB4-497D-8CEE-D2F597B4768C}.Release|x64.ActiveCfg = Release|Any CPU
		{00CA4CE6-6BB4-497D-8CEE-D2F597B4768C}.Release|x64.Build.0 = Release|Any CPU
		{00CA4CE6-6BB4-497D-8CEE-D2F597B4768C}.Release|x86.ActiveCfg = Release|Any CPU
		{00CA4CE6-6BB4-497D-8CEE-D2F597B4768C}.Release|x86.Build.0 = Release|Any CPU
		{57E5DA4B-ADE6-4F33-B2AE-B6CCB5ED20A3}.Debug|Any CPU.ActiveCfg = Debug|Any CPU
		{57E5DA4B-ADE6-4F33-B2AE-B6CCB5ED20A3}.Debug|Any CPU.Build.0 = Debug|Any CPU
		{57E5DA4B-ADE6-4F33-B2AE-B6CCB5ED20A3}.Debug|x64.ActiveCfg = Debug|Any CPU
		{57E5DA4B-ADE6-4F33-B2AE-B6CCB5ED20A3}.Debug|x64.Build.0 = Debug|Any CPU
		{57E5DA4B-ADE6-4F33-B2AE-B6CCB5ED20A3}.Debug|x86.ActiveCfg = Debug|Any CPU
		{57E5DA4B-ADE6-4F33-B2AE-B6CCB5ED20A3}.Debug|x86.Build.0 = Debug|Any CPU
		{57E5DA4B-ADE6-4F33-B2AE-B6CCB5ED20A3}.Release|Any CPU.ActiveCfg = Release|Any CPU
		{57E5DA4B-ADE6-4F33-B2AE-B6CCB5ED20A3}.Release|Any CPU.Build.0 = Release|Any CPU
		{57E5DA4B-ADE6-4F33-B2AE-B6CCB5ED20A3}.Release|x64.ActiveCfg = Release|Any CPU
		{57E5DA4B-ADE6-4F33-B2AE-B6CCB5ED20A3}.Release|x64.Build.0 = Release|Any CPU
		{57E5DA4B-ADE6-4F33-B2AE-B6CCB5ED20A3}.Release|x86.ActiveCfg = Release|Any CPU
		{57E5DA4B-ADE6-4F33-B2AE-B6CCB5ED20A3}.Release|x86.Build.0 = Release|Any CPU
		{7E73F363-FFAC-43F2-B1F3-652220432DBB}.Debug|Any CPU.ActiveCfg = Debug|Any CPU
		{7E73F363-FFAC-43F2-B1F3-652220432DBB}.Debug|Any CPU.Build.0 = Debug|Any CPU
		{7E73F363-FFAC-43F2-B1F3-652220432DBB}.Debug|x64.ActiveCfg = Debug|Any CPU
		{7E73F363-FFAC-43F2-B1F3-652220432DBB}.Debug|x64.Build.0 = Debug|Any CPU
		{7E73F363-FFAC-43F2-B1F3-652220432DBB}.Debug|x86.ActiveCfg = Debug|Any CPU
		{7E73F363-FFAC-43F2-B1F3-652220432DBB}.Debug|x86.Build.0 = Debug|Any CPU
		{7E73F363-FFAC-43F2-B1F3-652220432DBB}.Release|Any CPU.ActiveCfg = Release|Any CPU
		{7E73F363-FFAC-43F2-B1F3-652220432DBB}.Release|Any CPU.Build.0 = Release|Any CPU
		{7E73F363-FFAC-43F2-B1F3-652220432DBB}.Release|x64.ActiveCfg = Release|Any CPU
		{7E73F363-FFAC-43F2-B1F3-652220432DBB}.Release|x64.Build.0 = Release|Any CPU
		{7E73F363-FFAC-43F2-B1F3-652220432DBB}.Release|x86.ActiveCfg = Release|Any CPU
		{7E73F363-FFAC-43F2-B1F3-652220432DBB}.Release|x86.Build.0 = Release|Any CPU
		{ED49CBCC-45AD-428A-80B1-630CFC2CDF05}.Debug|Any CPU.ActiveCfg = Debug|Any CPU
		{ED49CBCC-45AD-428A-80B1-630CFC2CDF05}.Debug|Any CPU.Build.0 = Debug|Any CPU
		{ED49CBCC-45AD-428A-80B1-630CFC2CDF05}.Debug|x64.ActiveCfg = Debug|Any CPU
		{ED49CBCC-45AD-428A-80B1-630CFC2CDF05}.Debug|x64.Build.0 = Debug|Any CPU
		{ED49CBCC-45AD-428A-80B1-630CFC2CDF05}.Debug|x86.ActiveCfg = Debug|Any CPU
		{ED49CBCC-45AD-428A-80B1-630CFC2CDF05}.Debug|x86.Build.0 = Debug|Any CPU
		{ED49CBCC-45AD-428A-80B1-630CFC2CDF05}.Release|Any CPU.ActiveCfg = Release|Any CPU
		{ED49CBCC-45AD-428A-80B1-630CFC2CDF05}.Release|Any CPU.Build.0 = Release|Any CPU
		{ED49CBCC-45AD-428A-80B1-630CFC2CDF05}.Release|x64.ActiveCfg = Release|Any CPU
		{ED49CBCC-45AD-428A-80B1-630CFC2CDF05}.Release|x64.Build.0 = Release|Any CPU
		{ED49CBCC-45AD-428A-80B1-630CFC2CDF05}.Release|x86.ActiveCfg = Release|Any CPU
		{ED49CBCC-45AD-428A-80B1-630CFC2CDF05}.Release|x86.Build.0 = Release|Any CPU
		{AE239F61-8AEB-4EBB-B3E5-F965BF9C52BD}.Debug|Any CPU.ActiveCfg = Debug|Any CPU
		{AE239F61-8AEB-4EBB-B3E5-F965BF9C52BD}.Debug|Any CPU.Build.0 = Debug|Any CPU
		{AE239F61-8AEB-4EBB-B3E5-F965BF9C52BD}.Debug|x64.ActiveCfg = Debug|Any CPU
		{AE239F61-8AEB-4EBB-B3E5-F965BF9C52BD}.Debug|x64.Build.0 = Debug|Any CPU
		{AE239F61-8AEB-4EBB-B3E5-F965BF9C52BD}.Debug|x86.ActiveCfg = Debug|Any CPU
		{AE239F61-8AEB-4EBB-B3E5-F965BF9C52BD}.Debug|x86.Build.0 = Debug|Any CPU
		{AE239F61-8AEB-4EBB-B3E5-F965BF9C52BD}.Release|Any CPU.ActiveCfg = Release|Any CPU
		{AE239F61-8AEB-4EBB-B3E5-F965BF9C52BD}.Release|Any CPU.Build.0 = Release|Any CPU
		{AE239F61-8AEB-4EBB-B3E5-F965BF9C52BD}.Release|x64.ActiveCfg = Release|Any CPU
		{AE239F61-8AEB-4EBB-B3E5-F965BF9C52BD}.Release|x64.Build.0 = Release|Any CPU
		{AE239F61-8AEB-4EBB-B3E5-F965BF9C52BD}.Release|x86.ActiveCfg = Release|Any CPU
		{AE239F61-8AEB-4EBB-B3E5-F965BF9C52BD}.Release|x86.Build.0 = Release|Any CPU
		{56D9C121-796E-42E9-956A-D61F261D4D67}.Debug|Any CPU.ActiveCfg = Debug|Any CPU
		{56D9C121-796E-42E9-956A-D61F261D4D67}.Debug|Any CPU.Build.0 = Debug|Any CPU
		{56D9C121-796E-42E9-956A-D61F261D4D67}.Debug|x64.ActiveCfg = Debug|Any CPU
		{56D9C121-796E-42E9-956A-D61F261D4D67}.Debug|x64.Build.0 = Debug|Any CPU
		{56D9C121-796E-42E9-956A-D61F261D4D67}.Debug|x86.ActiveCfg = Debug|Any CPU
		{56D9C121-796E-42E9-956A-D61F261D4D67}.Debug|x86.Build.0 = Debug|Any CPU
		{56D9C121-796E-42E9-956A-D61F261D4D67}.Release|Any CPU.ActiveCfg = Release|Any CPU
		{56D9C121-796E-42E9-956A-D61F261D4D67}.Release|Any CPU.Build.0 = Release|Any CPU
		{56D9C121-796E-42E9-956A-D61F261D4D67}.Release|x64.ActiveCfg = Release|Any CPU
		{56D9C121-796E-42E9-956A-D61F261D4D67}.Release|x64.Build.0 = Release|Any CPU
		{56D9C121-796E-42E9-956A-D61F261D4D67}.Release|x86.ActiveCfg = Release|Any CPU
		{56D9C121-796E-42E9-956A-D61F261D4D67}.Release|x86.Build.0 = Release|Any CPU
		{6141F735-8E77-4234-BE2C-FB0B7044B3FB}.Debug|Any CPU.ActiveCfg = Debug|Any CPU
		{6141F735-8E77-4234-BE2C-FB0B7044B3FB}.Debug|Any CPU.Build.0 = Debug|Any CPU
		{6141F735-8E77-4234-BE2C-FB0B7044B3FB}.Debug|x64.ActiveCfg = Debug|Any CPU
		{6141F735-8E77-4234-BE2C-FB0B7044B3FB}.Debug|x64.Build.0 = Debug|Any CPU
		{6141F735-8E77-4234-BE2C-FB0B7044B3FB}.Debug|x86.ActiveCfg = Debug|Any CPU
		{6141F735-8E77-4234-BE2C-FB0B7044B3FB}.Debug|x86.Build.0 = Debug|Any CPU
		{6141F735-8E77-4234-BE2C-FB0B7044B3FB}.Release|Any CPU.ActiveCfg = Release|Any CPU
		{6141F735-8E77-4234-BE2C-FB0B7044B3FB}.Release|Any CPU.Build.0 = Release|Any CPU
		{6141F735-8E77-4234-BE2C-FB0B7044B3FB}.Release|x64.ActiveCfg = Release|Any CPU
		{6141F735-8E77-4234-BE2C-FB0B7044B3FB}.Release|x64.Build.0 = Release|Any CPU
		{6141F735-8E77-4234-BE2C-FB0B7044B3FB}.Release|x86.ActiveCfg = Release|Any CPU
		{6141F735-8E77-4234-BE2C-FB0B7044B3FB}.Release|x86.Build.0 = Release|Any CPU
		{188E5711-778E-4DEA-9C13-545E9A89A1DE}.Debug|Any CPU.ActiveCfg = Debug|Any CPU
		{188E5711-778E-4DEA-9C13-545E9A89A1DE}.Debug|Any CPU.Build.0 = Debug|Any CPU
		{188E5711-778E-4DEA-9C13-545E9A89A1DE}.Debug|x64.ActiveCfg = Debug|Any CPU
		{188E5711-778E-4DEA-9C13-545E9A89A1DE}.Debug|x64.Build.0 = Debug|Any CPU
		{188E5711-778E-4DEA-9C13-545E9A89A1DE}.Debug|x86.ActiveCfg = Debug|Any CPU
		{188E5711-778E-4DEA-9C13-545E9A89A1DE}.Debug|x86.Build.0 = Debug|Any CPU
		{188E5711-778E-4DEA-9C13-545E9A89A1DE}.Release|Any CPU.ActiveCfg = Release|Any CPU
		{188E5711-778E-4DEA-9C13-545E9A89A1DE}.Release|Any CPU.Build.0 = Release|Any CPU
		{188E5711-778E-4DEA-9C13-545E9A89A1DE}.Release|x64.ActiveCfg = Release|Any CPU
		{188E5711-778E-4DEA-9C13-545E9A89A1DE}.Release|x64.Build.0 = Release|Any CPU
		{188E5711-778E-4DEA-9C13-545E9A89A1DE}.Release|x86.ActiveCfg = Release|Any CPU
		{188E5711-778E-4DEA-9C13-545E9A89A1DE}.Release|x86.Build.0 = Release|Any CPU
		{25721E52-79FC-42CC-8EB3-E7AA36AE56A0}.Debug|Any CPU.ActiveCfg = Debug|Any CPU
		{25721E52-79FC-42CC-8EB3-E7AA36AE56A0}.Debug|Any CPU.Build.0 = Debug|Any CPU
		{25721E52-79FC-42CC-8EB3-E7AA36AE56A0}.Debug|x64.ActiveCfg = Debug|Any CPU
		{25721E52-79FC-42CC-8EB3-E7AA36AE56A0}.Debug|x64.Build.0 = Debug|Any CPU
		{25721E52-79FC-42CC-8EB3-E7AA36AE56A0}.Debug|x86.ActiveCfg = Debug|Any CPU
		{25721E52-79FC-42CC-8EB3-E7AA36AE56A0}.Debug|x86.Build.0 = Debug|Any CPU
		{25721E52-79FC-42CC-8EB3-E7AA36AE56A0}.Release|Any CPU.ActiveCfg = Release|Any CPU
		{25721E52-79FC-42CC-8EB3-E7AA36AE56A0}.Release|Any CPU.Build.0 = Release|Any CPU
		{25721E52-79FC-42CC-8EB3-E7AA36AE56A0}.Release|x64.ActiveCfg = Release|Any CPU
		{25721E52-79FC-42CC-8EB3-E7AA36AE56A0}.Release|x64.Build.0 = Release|Any CPU
		{25721E52-79FC-42CC-8EB3-E7AA36AE56A0}.Release|x86.ActiveCfg = Release|Any CPU
		{25721E52-79FC-42CC-8EB3-E7AA36AE56A0}.Release|x86.Build.0 = Release|Any CPU
	EndGlobalSection
	GlobalSection(SolutionProperties) = preSolution
		HideSolutionNode = FALSE
	EndGlobalSection
	GlobalSection(NestedProjects) = preSolution
		{2F3C58D3-3233-4EB3-A4C1-8AB94FF46F72} = {827E0CD3-B72D-47B6-A68D-7590B98EB39B}
		{00CA4CE6-6BB4-497D-8CEE-D2F597B4768C} = {827E0CD3-B72D-47B6-A68D-7590B98EB39B}
		{57E5DA4B-ADE6-4F33-B2AE-B6CCB5ED20A3} = {827E0CD3-B72D-47B6-A68D-7590B98EB39B}
		{7E73F363-FFAC-43F2-B1F3-652220432DBB} = {0AB3BF05-4346-4AA6-1389-037BE0695223}
		{ED49CBCC-45AD-428A-80B1-630CFC2CDF05} = {B36A84DF-456D-A817-6EDD-3EC3E7F6E11F}
		{AE239F61-8AEB-4EBB-B3E5-F965BF9C52BD} = {B36A84DF-456D-A817-6EDD-3EC3E7F6E11F}
		{56D9C121-796E-42E9-956A-D61F261D4D67} = {827E0CD3-B72D-47B6-A68D-7590B98EB39B}
		{6141F735-8E77-4234-BE2C-FB0B7044B3FB} = {827E0CD3-B72D-47B6-A68D-7590B98EB39B}
		{C4E86B10-77AE-37BB-EDFC-942D4CBD0EEB} = {827E0CD3-B72D-47B6-A68D-7590B98EB39B}
		{188E5711-778E-4DEA-9C13-545E9A89A1DE} = {C4E86B10-77AE-37BB-EDFC-942D4CBD0EEB}
		{B578B8F8-4355-A732-8C0E-04BD1355F142} = {827E0CD3-B72D-47B6-A68D-7590B98EB39B}
		{6BEE1ADB-EC8A-8E96-2B3D-0E7260D5A890} = {827E0CD3-B72D-47B6-A68D-7590B98EB39B}
		{25721E52-79FC-42CC-8EB3-E7AA36AE56A0} = {6BEE1ADB-EC8A-8E96-2B3D-0E7260D5A890}
		{88D7FA4C-11BE-B782-9860-29F7C67ECDA5} = {827E0CD3-B72D-47B6-A68D-7590B98EB39B}
		{FB8F0DAB-8EEE-158D-EC28-F0A22DD57D14} = {827E0CD3-B72D-47B6-A68D-7590B98EB39B}
	EndGlobalSection
EndGlobal
